// !$*UTF8*$!
{
	archiveVersion = 1;
	classes = {
	};
	objectVersion = 48;
	objects = {

/* Begin PBXBuildFile section */
		4A0A960221077D3200D153A8 /* AppDelegate.swift in Sources */ = {isa = PBXBuildFile; fileRef = 4A0A960121077D3200D153A8 /* AppDelegate.swift */; };
		4A0A960421077D3200D153A8 /* ViewController.swift in Sources */ = {isa = PBXBuildFile; fileRef = 4A0A960321077D3200D153A8 /* ViewController.swift */; };
		4A0A960721077D3200D153A8 /* Main.storyboard in Resources */ = {isa = PBXBuildFile; fileRef = 4A0A960521077D3200D153A8 /* Main.storyboard */; };
		4A0A960921077D3200D153A8 /* Assets.xcassets in Resources */ = {isa = PBXBuildFile; fileRef = 4A0A960821077D3200D153A8 /* Assets.xcassets */; };
		4A0A960C21077D3200D153A8 /* LaunchScreen.storyboard in Resources */ = {isa = PBXBuildFile; fileRef = 4A0A960A21077D3200D153A8 /* LaunchScreen.storyboard */; };
		4A0A961721077D3200D153A8 /* SwiftyTests.swift in Sources */ = {isa = PBXBuildFile; fileRef = 4A0A961621077D3200D153A8 /* SwiftyTests.swift */; };
		4A0A962221077D3200D153A8 /* SwiftyUITests.swift in Sources */ = {isa = PBXBuildFile; fileRef = 4A0A962121077D3200D153A8 /* SwiftyUITests.swift */; };
		4A113959210F419300B8C833 /* SecondVC.swift in Sources */ = {isa = PBXBuildFile; fileRef = 4A113958210F419300B8C833 /* SecondVC.swift */; };
		4A22D3892110DCAA00689B06 /* Student.swift in Sources */ = {isa = PBXBuildFile; fileRef = 4A22D3882110DCA900689B06 /* Student.swift */; };
/* End PBXBuildFile section */

/* Begin PBXContainerItemProxy section */
		4A0A961321077D3200D153A8 /* PBXContainerItemProxy */ = {
			isa = PBXContainerItemProxy;
			containerPortal = 4A0A95F621077D3100D153A8 /* Project object */;
			proxyType = 1;
			remoteGlobalIDString = 4A0A95FD21077D3100D153A8;
			remoteInfo = Swifty;
		};
		4A0A961E21077D3200D153A8 /* PBXContainerItemProxy */ = {
			isa = PBXContainerItemProxy;
			containerPortal = 4A0A95F621077D3100D153A8 /* Project object */;
			proxyType = 1;
			remoteGlobalIDString = 4A0A95FD21077D3100D153A8;
			remoteInfo = Swifty;
		};
/* End PBXContainerItemProxy section */

/* Begin PBXFileReference section */
		4A0A95FE21077D3100D153A8 /* Swifty.app */ = {isa = PBXFileReference; explicitFileType = wrapper.application; includeInIndex = 0; path = Swifty.app; sourceTree = BUILT_PRODUCTS_DIR; };
		4A0A960121077D3200D153A8 /* AppDelegate.swift */ = {isa = PBXFileReference; lastKnownFileType = sourcecode.swift; path = AppDelegate.swift; sourceTree = "<group>"; };
		4A0A960321077D3200D153A8 /* ViewController.swift */ = {isa = PBXFileReference; lastKnownFileType = sourcecode.swift; path = ViewController.swift; sourceTree = "<group>"; };
		4A0A960621077D3200D153A8 /* Base */ = {isa = PBXFileReference; lastKnownFileType = file.storyboard; name = Base; path = Base.lproj/Main.storyboard; sourceTree = "<group>"; };
		4A0A960821077D3200D153A8 /* Assets.xcassets */ = {isa = PBXFileReference; lastKnownFileType = folder.assetcatalog; path = Assets.xcassets; sourceTree = "<group>"; };
		4A0A960B21077D3200D153A8 /* Base */ = {isa = PBXFileReference; lastKnownFileType = file.storyboard; name = Base; path = Base.lproj/LaunchScreen.storyboard; sourceTree = "<group>"; };
		4A0A960D21077D3200D153A8 /* Info.plist */ = {isa = PBXFileReference; lastKnownFileType = text.plist.xml; path = Info.plist; sourceTree = "<group>"; };
		4A0A961221077D3200D153A8 /* SwiftyTests.xctest */ = {isa = PBXFileReference; explicitFileType = wrapper.cfbundle; includeInIndex = 0; path = SwiftyTests.xctest; sourceTree = BUILT_PRODUCTS_DIR; };
		4A0A961621077D3200D153A8 /* SwiftyTests.swift */ = {isa = PBXFileReference; lastKnownFileType = sourcecode.swift; path = SwiftyTests.swift; sourceTree = "<group>"; };
		4A0A961821077D3200D153A8 /* Info.plist */ = {isa = PBXFileReference; lastKnownFileType = text.plist.xml; path = Info.plist; sourceTree = "<group>"; };
		4A0A961D21077D3200D153A8 /* SwiftyUITests.xctest */ = {isa = PBXFileReference; explicitFileType = wrapper.cfbundle; includeInIndex = 0; path = SwiftyUITests.xctest; sourceTree = BUILT_PRODUCTS_DIR; };
		4A0A962121077D3200D153A8 /* SwiftyUITests.swift */ = {isa = PBXFileReference; lastKnownFileType = sourcecode.swift; path = SwiftyUITests.swift; sourceTree = "<group>"; };
		4A0A962321077D3200D153A8 /* Info.plist */ = {isa = PBXFileReference; lastKnownFileType = text.plist.xml; path = Info.plist; sourceTree = "<group>"; };
		4A113958210F419300B8C833 /* SecondVC.swift */ = {isa = PBXFileReference; lastKnownFileType = sourcecode.swift; path = SecondVC.swift; sourceTree = "<group>"; };
		4A22D3882110DCA900689B06 /* Student.swift */ = {isa = PBXFileReference; lastKnownFileType = sourcecode.swift; path = Student.swift; sourceTree = "<group>"; };
/* End PBXFileReference section */

/* Begin PBXFrameworksBuildPhase section */
		4A0A95FB21077D3100D153A8 /* Frameworks */ = {
			isa = PBXFrameworksBuildPhase;
			buildActionMask = 2147483647;
			files = (
			);
			runOnlyForDeploymentPostprocessing = 0;
		};
		4A0A960F21077D3200D153A8 /* Frameworks */ = {
			isa = PBXFrameworksBuildPhase;
			buildActionMask = 2147483647;
			files = (
			);
			runOnlyForDeploymentPostprocessing = 0;
		};
		4A0A961A21077D3200D153A8 /* Frameworks */ = {
			isa = PBXFrameworksBuildPhase;
			buildActionMask = 2147483647;
			files = (
			);
			runOnlyForDeploymentPostprocessing = 0;
		};
/* End PBXFrameworksBuildPhase section */

/* Begin PBXGroup section */
		4A0A95F521077D3100D153A8 = {
			isa = PBXGroup;
			children = (
				4A0A960021077D3100D153A8 /* Swifty */,
				4A0A961521077D3200D153A8 /* SwiftyTests */,
				4A0A962021077D3200D153A8 /* SwiftyUITests */,
				4A0A95FF21077D3100D153A8 /* Products */,
				4A0A96CA210780C900D153A8 /* Frameworks */,
			);
			sourceTree = "<group>";
		};
		4A0A95FF21077D3100D153A8 /* Products */ = {
			isa = PBXGroup;
			children = (
				4A0A95FE21077D3100D153A8 /* Swifty.app */,
				4A0A961221077D3200D153A8 /* SwiftyTests.xctest */,
				4A0A961D21077D3200D153A8 /* SwiftyUITests.xctest */,
			);
			name = Products;
			sourceTree = "<group>";
		};
		4A0A960021077D3100D153A8 /* Swifty */ = {
			isa = PBXGroup;
			children = (
				4A0A960121077D3200D153A8 /* AppDelegate.swift */,
				4A0A960321077D3200D153A8 /* ViewController.swift */,
				4A22D3882110DCA900689B06 /* Student.swift */,
				4A113958210F419300B8C833 /* SecondVC.swift */,
				4A0A960821077D3200D153A8 /* Assets.xcassets */,
				4A0A960521077D3200D153A8 /* Main.storyboard */,
				4A0A960A21077D3200D153A8 /* LaunchScreen.storyboard */,
				4A0A960D21077D3200D153A8 /* Info.plist */,
			);
			path = Swifty;
			sourceTree = "<group>";
		};
		4A0A961521077D3200D153A8 /* SwiftyTests */ = {
			isa = PBXGroup;
			children = (
				4A0A961621077D3200D153A8 /* SwiftyTests.swift */,
				4A0A961821077D3200D153A8 /* Info.plist */,
			);
			path = SwiftyTests;
			sourceTree = "<group>";
		};
		4A0A962021077D3200D153A8 /* SwiftyUITests */ = {
			isa = PBXGroup;
			children = (
				4A0A962121077D3200D153A8 /* SwiftyUITests.swift */,
				4A0A962321077D3200D153A8 /* Info.plist */,
			);
			path = SwiftyUITests;
			sourceTree = "<group>";
		};
		4A0A96CA210780C900D153A8 /* Frameworks */ = {
			isa = PBXGroup;
			children = (
			);
			name = Frameworks;
			sourceTree = "<group>";
		};
/* End PBXGroup section */

/* Begin PBXNativeTarget section */
		4A0A95FD21077D3100D153A8 /* Swifty */ = {
			isa = PBXNativeTarget;
			buildConfigurationList = 4A0A962621077D3200D153A8 /* Build configuration list for PBXNativeTarget "Swifty" */;
			buildPhases = (
				4A0A95FA21077D3100D153A8 /* Sources */,
				4A0A95FB21077D3100D153A8 /* Frameworks */,
				4A0A95FC21077D3100D153A8 /* Resources */,
			);
			buildRules = (
			);
			dependencies = (
			);
			name = Swifty;
			productName = Swifty;
			productReference = 4A0A95FE21077D3100D153A8 /* Swifty.app */;
			productType = "com.apple.product-type.application";
		};
		4A0A961121077D3200D153A8 /* SwiftyTests */ = {
			isa = PBXNativeTarget;
			buildConfigurationList = 4A0A962921077D3200D153A8 /* Build configuration list for PBXNativeTarget "SwiftyTests" */;
			buildPhases = (
				4A0A960E21077D3200D153A8 /* Sources */,
				4A0A960F21077D3200D153A8 /* Frameworks */,
				4A0A961021077D3200D153A8 /* Resources */,
			);
			buildRules = (
			);
			dependencies = (
				4A0A961421077D3200D153A8 /* PBXTargetDependency */,
			);
			name = SwiftyTests;
			productName = SwiftyTests;
			productReference = 4A0A961221077D3200D153A8 /* SwiftyTests.xctest */;
			productType = "com.apple.product-type.bundle.unit-test";
		};
		4A0A961C21077D3200D153A8 /* SwiftyUITests */ = {
			isa = PBXNativeTarget;
			buildConfigurationList = 4A0A962C21077D3200D153A8 /* Build configuration list for PBXNativeTarget "SwiftyUITests" */;
			buildPhases = (
				4A0A961921077D3200D153A8 /* Sources */,
				4A0A961A21077D3200D153A8 /* Frameworks */,
				4A0A961B21077D3200D153A8 /* Resources */,
			);
			buildRules = (
			);
			dependencies = (
				4A0A961F21077D3200D153A8 /* PBXTargetDependency */,
			);
			name = SwiftyUITests;
			productName = SwiftyUITests;
			productReference = 4A0A961D21077D3200D153A8 /* SwiftyUITests.xctest */;
			productType = "com.apple.product-type.bundle.ui-testing";
		};
/* End PBXNativeTarget section */

/* Begin PBXProject section */
		4A0A95F621077D3100D153A8 /* Project object */ = {
			isa = PBXProject;
			attributes = {
				LastSwiftUpdateCheck = 0920;
				LastUpgradeCheck = 0920;
				ORGANIZATIONNAME = "Oleksii MIROSHNYK";
				TargetAttributes = {
					4A0A95FD21077D3100D153A8 = {
						CreatedOnToolsVersion = 9.2;
						ProvisioningStyle = Automatic;
					};
					4A0A961121077D3200D153A8 = {
						CreatedOnToolsVersion = 9.2;
						ProvisioningStyle = Automatic;
						TestTargetID = 4A0A95FD21077D3100D153A8;
					};
					4A0A961C21077D3200D153A8 = {
						CreatedOnToolsVersion = 9.2;
						ProvisioningStyle = Automatic;
						TestTargetID = 4A0A95FD21077D3100D153A8;
					};
				};
			};
			buildConfigurationList = 4A0A95F921077D3100D153A8 /* Build configuration list for PBXProject "Swifty" */;
			compatibilityVersion = "Xcode 8.0";
			developmentRegion = en;
			hasScannedForEncodings = 0;
			knownRegions = (
				en,
				Base,
			);
			mainGroup = 4A0A95F521077D3100D153A8;
			productRefGroup = 4A0A95FF21077D3100D153A8 /* Products */;
			projectDirPath = "";
			projectRoot = "";
			targets = (
				4A0A95FD21077D3100D153A8 /* Swifty */,
				4A0A961121077D3200D153A8 /* SwiftyTests */,
				4A0A961C21077D3200D153A8 /* SwiftyUITests */,
			);
		};
/* End PBXProject section */

/* Begin PBXResourcesBuildPhase section */
		4A0A95FC21077D3100D153A8 /* Resources */ = {
			isa = PBXResourcesBuildPhase;
			buildActionMask = 2147483647;
			files = (
				4A0A960C21077D3200D153A8 /* LaunchScreen.storyboard in Resources */,
				4A0A960921077D3200D153A8 /* Assets.xcassets in Resources */,
				4A0A960721077D3200D153A8 /* Main.storyboard in Resources */,
			);
			runOnlyForDeploymentPostprocessing = 0;
		};
		4A0A961021077D3200D153A8 /* Resources */ = {
			isa = PBXResourcesBuildPhase;
			buildActionMask = 2147483647;
			files = (
			);
			runOnlyForDeploymentPostprocessing = 0;
		};
		4A0A961B21077D3200D153A8 /* Resources */ = {
			isa = PBXResourcesBuildPhase;
			buildActionMask = 2147483647;
			files = (
			);
			runOnlyForDeploymentPostprocessing = 0;
		};
/* End PBXResourcesBuildPhase section */

/* Begin PBXSourcesBuildPhase section */
		4A0A95FA21077D3100D153A8 /* Sources */ = {
			isa = PBXSourcesBuildPhase;
			buildActionMask = 2147483647;
			files = (
				4A0A960421077D3200D153A8 /* ViewController.swift in Sources */,
				4A113959210F419300B8C833 /* SecondVC.swift in Sources */,
				4A0A960221077D3200D153A8 /* AppDelegate.swift in Sources */,
				4A22D3892110DCAA00689B06 /* Student.swift in Sources */,
			);
			runOnlyForDeploymentPostprocessing = 0;
		};
		4A0A960E21077D3200D153A8 /* Sources */ = {
			isa = PBXSourcesBuildPhase;
			buildActionMask = 2147483647;
			files = (
				4A0A961721077D3200D153A8 /* SwiftyTests.swift in Sources */,
			);
			runOnlyForDeploymentPostprocessing = 0;
		};
		4A0A961921077D3200D153A8 /* Sources */ = {
			isa = PBXSourcesBuildPhase;
			buildActionMask = 2147483647;
			files = (
				4A0A962221077D3200D153A8 /* SwiftyUITests.swift in Sources */,
			);
			runOnlyForDeploymentPostprocessing = 0;
		};
/* End PBXSourcesBuildPhase section */

/* Begin PBXTargetDependency section */
		4A0A961421077D3200D153A8 /* PBXTargetDependency */ = {
			isa = PBXTargetDependency;
			target = 4A0A95FD21077D3100D153A8 /* Swifty */;
			targetProxy = 4A0A961321077D3200D153A8 /* PBXContainerItemProxy */;
		};
		4A0A961F21077D3200D153A8 /* PBXTargetDependency */ = {
			isa = PBXTargetDependency;
			target = 4A0A95FD21077D3100D153A8 /* Swifty */;
			targetProxy = 4A0A961E21077D3200D153A8 /* PBXContainerItemProxy */;
		};
/* End PBXTargetDependency section */

/* Begin PBXVariantGroup section */
		4A0A960521077D3200D153A8 /* Main.storyboard */ = {
			isa = PBXVariantGroup;
			children = (
				4A0A960621077D3200D153A8 /* Base */,
			);
			name = Main.storyboard;
			sourceTree = "<group>";
		};
		4A0A960A21077D3200D153A8 /* LaunchScreen.storyboard */ = {
			isa = PBXVariantGroup;
			children = (
				4A0A960B21077D3200D153A8 /* Base */,
			);
			name = LaunchScreen.storyboard;
			sourceTree = "<group>";
		};
/* End PBXVariantGroup section */

/* Begin XCBuildConfiguration section */
		4A0A962421077D3200D153A8 /* Debug */ = {
			isa = XCBuildConfiguration;
			buildSettings = {
				ALWAYS_SEARCH_USER_PATHS = NO;
				CLANG_ANALYZER_NONNULL = YES;
				CLANG_ANALYZER_NUMBER_OBJECT_CONVERSION = YES_AGGRESSIVE;
				CLANG_CXX_LANGUAGE_STANDARD = "gnu++14";
				CLANG_CXX_LIBRARY = "libc++";
				CLANG_ENABLE_MODULES = YES;
				CLANG_ENABLE_OBJC_ARC = YES;
				CLANG_WARN_BLOCK_CAPTURE_AUTORELEASING = YES;
				CLANG_WARN_BOOL_CONVERSION = YES;
				CLANG_WARN_COMMA = YES;
				CLANG_WARN_CONSTANT_CONVERSION = YES;
				CLANG_WARN_DIRECT_OBJC_ISA_USAGE = YES_ERROR;
				CLANG_WARN_DOCUMENTATION_COMMENTS = YES;
				CLANG_WARN_EMPTY_BODY = YES;
				CLANG_WARN_ENUM_CONVERSION = YES;
				CLANG_WARN_INFINITE_RECURSION = YES;
				CLANG_WARN_INT_CONVERSION = YES;
				CLANG_WARN_NON_LITERAL_NULL_CONVERSION = YES;
				CLANG_WARN_OBJC_LITERAL_CONVERSION = YES;
				CLANG_WARN_OBJC_ROOT_CLASS = YES_ERROR;
				CLANG_WARN_RANGE_LOOP_ANALYSIS = YES;
				CLANG_WARN_STRICT_PROTOTYPES = YES;
				CLANG_WARN_SUSPICIOUS_MOVE = YES;
				CLANG_WARN_UNGUARDED_AVAILABILITY = YES_AGGRESSIVE;
				CLANG_WARN_UNREACHABLE_CODE = YES;
				CLANG_WARN__DUPLICATE_METHOD_MATCH = YES;
				CODE_SIGN_IDENTITY = "iPhone Developer";
				COPY_PHASE_STRIP = NO;
				DEBUG_INFORMATION_FORMAT = dwarf;
				ENABLE_STRICT_OBJC_MSGSEND = YES;
				ENABLE_TESTABILITY = YES;
				GCC_C_LANGUAGE_STANDARD = gnu11;
				GCC_DYNAMIC_NO_PIC = NO;
				GCC_NO_COMMON_BLOCKS = YES;
				GCC_OPTIMIZATION_LEVEL = 0;
				GCC_PREPROCESSOR_DEFINITIONS = (
					"DEBUG=1",
					"$(inherited)",
				);
				GCC_WARN_64_TO_32_BIT_CONVERSION = YES;
				GCC_WARN_ABOUT_RETURN_TYPE = YES_ERROR;
				GCC_WARN_UNDECLARED_SELECTOR = YES;
				GCC_WARN_UNINITIALIZED_AUTOS = YES_AGGRESSIVE;
				GCC_WARN_UNUSED_FUNCTION = YES;
				GCC_WARN_UNUSED_VARIABLE = YES;
				IPHONEOS_DEPLOYMENT_TARGET = 11.2;
				MTL_ENABLE_DEBUG_INFO = YES;
				ONLY_ACTIVE_ARCH = YES;
				SDKROOT = iphoneos;
				SWIFT_ACTIVE_COMPILATION_CONDITIONS = DEBUG;
				SWIFT_OPTIMIZATION_LEVEL = "-Onone";
			};
			name = Debug;
		};
		4A0A962521077D3200D153A8 /* Release */ = {
			isa = XCBuildConfiguration;
			buildSettings = {
				ALWAYS_SEARCH_USER_PATHS = NO;
				CLANG_ANALYZER_NONNULL = YES;
				CLANG_ANALYZER_NUMBER_OBJECT_CONVERSION = YES_AGGRESSIVE;
				CLANG_CXX_LANGUAGE_STANDARD = "gnu++14";
				CLANG_CXX_LIBRARY = "libc++";
				CLANG_ENABLE_MODULES = YES;
				CLANG_ENABLE_OBJC_ARC = YES;
				CLANG_WARN_BLOCK_CAPTURE_AUTORELEASING = YES;
				CLANG_WARN_BOOL_CONVERSION = YES;
				CLANG_WARN_COMMA = YES;
				CLANG_WARN_CONSTANT_CONVERSION = YES;
				CLANG_WARN_DIRECT_OBJC_ISA_USAGE = YES_ERROR;
				CLANG_WARN_DOCUMENTATION_COMMENTS = YES;
				CLANG_WARN_EMPTY_BODY = YES;
				CLANG_WARN_ENUM_CONVERSION = YES;
				CLANG_WARN_INFINITE_RECURSION = YES;
				CLANG_WARN_INT_CONVERSION = YES;
				CLANG_WARN_NON_LITERAL_NULL_CONVERSION = YES;
				CLANG_WARN_OBJC_LITERAL_CONVERSION = YES;
				CLANG_WARN_OBJC_ROOT_CLASS = YES_ERROR;
				CLANG_WARN_RANGE_LOOP_ANALYSIS = YES;
				CLANG_WARN_STRICT_PROTOTYPES = YES;
				CLANG_WARN_SUSPICIOUS_MOVE = YES;
				CLANG_WARN_UNGUARDED_AVAILABILITY = YES_AGGRESSIVE;
				CLANG_WARN_UNREACHABLE_CODE = YES;
				CLANG_WARN__DUPLICATE_METHOD_MATCH = YES;
				CODE_SIGN_IDENTITY = "iPhone Developer";
				COPY_PHASE_STRIP = NO;
				DEBUG_INFORMATION_FORMAT = "dwarf-with-dsym";
				ENABLE_NS_ASSERTIONS = NO;
				ENABLE_STRICT_OBJC_MSGSEND = YES;
				GCC_C_LANGUAGE_STANDARD = gnu11;
				GCC_NO_COMMON_BLOCKS = YES;
				GCC_WARN_64_TO_32_BIT_CONVERSION = YES;
				GCC_WARN_ABOUT_RETURN_TYPE = YES_ERROR;
				GCC_WARN_UNDECLARED_SELECTOR = YES;
				GCC_WARN_UNINITIALIZED_AUTOS = YES_AGGRESSIVE;
				GCC_WARN_UNUSED_FUNCTION = YES;
				GCC_WARN_UNUSED_VARIABLE = YES;
				IPHONEOS_DEPLOYMENT_TARGET = 11.2;
				MTL_ENABLE_DEBUG_INFO = NO;
				SDKROOT = iphoneos;
				SWIFT_OPTIMIZATION_LEVEL = "-Owholemodule";
				VALIDATE_PRODUCT = YES;
			};
			name = Release;
		};
		4A0A962721077D3200D153A8 /* Debug */ = {
			isa = XCBuildConfiguration;
			buildSettings = {
				ASSETCATALOG_COMPILER_APPICON_NAME = AppIcon;
				CODE_SIGN_STYLE = Automatic;
				DEVELOPMENT_TEAM = 49Y6L4T525;
				INFOPLIST_FILE = Swifty/Info.plist;
				IPHONEOS_DEPLOYMENT_TARGET = 10.3;
				LD_RUNPATH_SEARCH_PATHS = "$(inherited) @executable_path/Frameworks";
				PRODUCT_BUNDLE_IDENTIFIER = omiroshn.Swifty;
				PRODUCT_NAME = "$(TARGET_NAME)";
				SWIFT_VERSION = 4.0;
				TARGETED_DEVICE_FAMILY = "1,2";
			};
			name = Debug;
		};
		4A0A962821077D3200D153A8 /* Release */ = {
			isa = XCBuildConfiguration;
			buildSettings = {
				ASSETCATALOG_COMPILER_APPICON_NAME = AppIcon;
				CODE_SIGN_STYLE = Automatic;
				DEVELOPMENT_TEAM = 49Y6L4T525;
				INFOPLIST_FILE = Swifty/Info.plist;
				IPHONEOS_DEPLOYMENT_TARGET = 10.3;
				LD_RUNPATH_SEARCH_PATHS = "$(inherited) @executable_path/Frameworks";
				PRODUCT_BUNDLE_IDENTIFIER = omiroshn.Swifty;
				PRODUCT_NAME = "$(TARGET_NAME)";
				SWIFT_VERSION = 4.0;
				TARGETED_DEVICE_FAMILY = "1,2";
			};
			name = Release;
		};
		4A0A962A21077D3200D153A8 /* Debug */ = {
			isa = XCBuildConfiguration;
			buildSettings = {
				ALWAYS_EMBED_SWIFT_STANDARD_LIBRARIES = YES;
				BUNDLE_LOADER = "$(TEST_HOST)";
				CODE_SIGN_STYLE = Automatic;
				INFOPLIST_FILE = SwiftyTests/Info.plist;
				LD_RUNPATH_SEARCH_PATHS = "$(inherited) @executable_path/Frameworks @loader_path/Frameworks";
				PRODUCT_BUNDLE_IDENTIFIER = omiroshn.SwiftyTests;
				PRODUCT_NAME = "$(TARGET_NAME)";
				SWIFT_VERSION = 4.0;
				TARGETED_DEVICE_FAMILY = "1,2";
				TEST_HOST = "$(BUILT_PRODUCTS_DIR)/Swifty.app/Swifty";
			};
			name = Debug;
		};
		4A0A962B21077D3200D153A8 /* Release */ = {
			isa = XCBuildConfiguration;
			buildSettings = {
				ALWAYS_EMBED_SWIFT_STANDARD_LIBRARIES = YES;
				BUNDLE_LOADER = "$(TEST_HOST)";
				CODE_SIGN_STYLE = Automatic;
				INFOPLIST_FILE = SwiftyTests/Info.plist;
				LD_RUNPATH_SEARCH_PATHS = "$(inherited) @executable_path/Frameworks @loader_path/Frameworks";
				PRODUCT_BUNDLE_IDENTIFIER = omiroshn.SwiftyTests;
				PRODUCT_NAME = "$(TARGET_NAME)";
				SWIFT_VERSION = 4.0;
				TARGETED_DEVICE_FAMILY = "1,2";
				TEST_HOST = "$(BUILT_PRODUCTS_DIR)/Swifty.app/Swifty";
			};
			name = Release;
		};
		4A0A962D21077D3200D153A8 /* Debug */ = {
			isa = XCBuildConfiguration;
			buildSettings = {
				ALWAYS_EMBED_SWIFT_STANDARD_LIBRARIES = YES;
				CODE_SIGN_STYLE = Automatic;
				INFOPLIST_FILE = SwiftyUITests/Info.plist;
				LD_RUNPATH_SEARCH_PATHS = "$(inherited) @executable_path/Frameworks @loader_path/Frameworks";
				PRODUCT_BUNDLE_IDENTIFIER = omiroshn.SwiftyUITests;
				PRODUCT_NAME = "$(TARGET_NAME)";
				SWIFT_VERSION = 4.0;
				TARGETED_DEVICE_FAMILY = "1,2";
				TEST_TARGET_NAME = Swifty;
			};
			name = Debug;
		};
		4A0A962E21077D3200D153A8 /* Release */ = {
			isa = XCBuildConfiguration;
			buildSettings = {
				ALWAYS_EMBED_SWIFT_STANDARD_LIBRARIES = YES;
				CODE_SIGN_STYLE = Automatic;
				INFOPLIST_FILE = SwiftyUITests/Info.plist;
				LD_RUNPATH_SEARCH_PATHS = "$(inherited) @executable_path/Frameworks @loader_path/Frameworks";
				PRODUCT_BUNDLE_IDENTIFIER = omiroshn.SwiftyUITests;
				PRODUCT_NAME = "$(TARGET_NAME)";
				SWIFT_VERSION = 4.0;
				TARGETED_DEVICE_FAMILY = "1,2";
				TEST_TARGET_NAME = Swifty;
			};
			name = Release;
		};
/* End XCBuildConfiguration section */

/* Begin XCConfigurationList section */
		4A0A95F921077D3100D153A8 /* Build configuration list for PBXProject "Swifty" */ = {
			isa = XCConfigurationList;
			buildConfigurations = (
				4A0A962421077D3200D153A8 /* Debug */,
				4A0A962521077D3200D153A8 /* Release */,
			);
			defaultConfigurationIsVisible = 0;
			defaultConfigurationName = Release;
		};
		4A0A962621077D3200D153A8 /* Build configuration list for PBXNativeTarget "Swifty" */ = {
			isa = XCConfigurationList;
			buildConfigurations = (
				4A0A962721077D3200D153A8 /* Debug */,
				4A0A962821077D3200D153A8 /* Release */,
			);
			defaultConfigurationIsVisible = 0;
			defaultConfigurationName = Release;
		};
		4A0A962921077D3200D153A8 /* Build configuration list for PBXNativeTarget "SwiftyTests" */ = {
			isa = XCConfigurationList;
			buildConfigurations = (
				4A0A962A21077D3200D153A8 /* Debug */,
				4A0A962B21077D3200D153A8 /* Release */,
			);
			defaultConfigurationIsVisible = 0;
			defaultConfigurationName = Release;
		};
		4A0A962C21077D3200D153A8 /* Build configuration list for PBXNativeTarget "SwiftyUITests" */ = {
			isa = XCConfigurationList;
			buildConfigurations = (
				4A0A962D21077D3200D153A8 /* Debug */,
				4A0A962E21077D3200D153A8 /* Release */,
			);
			defaultConfigurationIsVisible = 0;
			defaultConfigurationName = Release;
		};
/* End XCConfigurationList section */
	};
	rootObject = 4A0A95F621077D3100D153A8 /* Project object */;
}
